
Microsoft Visual Studio Solution File, Format Version 12.00
# Visual Studio Version 17
VisualStudioVersion = 17.14.36518.9
MinimumVisualStudioVersion = 10.0.40219.1
Project("{FAE04EC0-301F-11D3-BF4B-00C04F79EFBC}") = "SalaSport", "SalaSport\SalaSport.csproj", "{945FEEE8-B369-470E-BE15-D29E88FC7D10}"
EndProject
Project("{FAE04EC0-301F-11D3-BF4B-00C04F79EFBC}") = "SalaSportMAUI", "SalaSportMAUI\SalaSportMAUI.csproj", "{329EE323-E28D-4D8D-8A92-9C697C114F86}"
EndProject
Global
	GlobalSection(SolutionConfigurationPlatforms) = preSolution
		Debug|Any CPU = Debug|Any CPU
		Release|Any CPU = Release|Any CPU
	EndGlobalSection
	GlobalSection(ProjectConfigurationPlatforms) = postSolution
		{945FEEE8-B369-470E-BE15-D29E88FC7D10}.Debug|Any CPU.ActiveCfg = Debug|Any CPU
		{945FEEE8-B369-470E-BE15-D29E88FC7D10}.Debug|Any CPU.Build.0 = Debug|Any CPU
		{945FEEE8-B369-470E-BE15-D29E88FC7D10}.Release|Any CPU.ActiveCfg = Release|Any CPU
		{945FEEE8-B369-470E-BE15-D29E88FC7D10}.Release|Any CPU.Build.0 = Release|Any CPU
		{329EE323-E28D-4D8D-8A92-9C697C114F86}.Debug|Any CPU.ActiveCfg = Debug|Any CPU
		{329EE323-E28D-4D8D-8A92-9C697C114F86}.Debug|Any CPU.Build.0 = Debug|Any CPU
		{329EE323-E28D-4D8D-8A92-9C697C114F86}.Debug|Any CPU.Deploy.0 = Debug|Any CPU
		{329EE323-E28D-4D8D-8A92-9C697C114F86}.Release|Any CPU.ActiveCfg = Release|Any CPU
		{329EE323-E28D-4D8D-8A92-9C697C114F86}.Release|Any CPU.Build.0 = Release|Any CPU
		{329EE323-E28D-4D8D-8A92-9C697C114F86}.Release|Any CPU.Deploy.0 = Release|Any CPU
	EndGlobalSection
	GlobalSection(SolutionProperties) = preSolution
		HideSolutionNode = FALSE
	EndGlobalSection
	GlobalSection(ExtensibilityGlobals) = postSolution
		SolutionGuid = {5DAF7155-2B31-46A7-B15C-AB60CD79717A}
	EndGlobalSection
EndGlobal
